
Microsoft Visual Studio Solution File, Format Version 12.00
# Visual Studio Version 17
VisualStudioVersion = 17.11.35222.181
MinimumVisualStudioVersion = 10.0.40219.1
Project("{FAE04EC0-301F-11D3-BF4B-00C04F79EFBC}") = "Faculty System", "Faculty System\Faculty System.csproj", "{57F821B2-A3AE-4042-8A30-807D3DE112FF}"
EndProject
Global
	GlobalSection(SolutionConfigurationPlatforms) = preSolution
		Debug|Any CPU = Debug|Any CPU
		Release|Any CPU = Release|Any CPU
	EndGlobalSection
	GlobalSection(ProjectConfigurationPlatforms) = postSolution
		{57F821B2-A3AE-4042-8A30-807D3DE112FF}.Debug|Any CPU.ActiveCfg = Debug|Any CPU
		{57F821B2-A3AE-4042-8A30-807D3DE112FF}.Debug|Any CPU.Build.0 = Debug|Any CPU
		{57F821B2-A3AE-4042-8A30-807D3DE112FF}.Release|Any CPU.ActiveCfg = Release|Any CPU
		{57F821B2-A3AE-4042-8A30-807D3DE112FF}.Release|Any CPU.Build.0 = Release|Any CPU
	EndGlobalSection
	GlobalSection(SolutionProperties) = preSolution
		HideSolutionNode = FALSE
	EndGlobalSection
	GlobalSection(ExtensibilityGlobals) = postSolution
		SolutionGuid = {F296E05A-D04B-4F0F-BC82-F60080724216}
	EndGlobalSection
EndGlobal
